
Microsoft Visual Studio Solution File, Format Version 12.00
# Visual Studio Version 16
VisualStudioVersion = 16.0.31624.102
MinimumVisualStudioVersion = 10.0.40219.1
Project("{FAE04EC0-301F-11D3-BF4B-00C04F79EFBC}") = "ProjektFinalVesionV2", "ProjektFinalVesionV2.csproj", "{B7EB63AA-7ECC-4480-B78B-F78147B6820E}"
EndProject
Global
	GlobalSection(SolutionConfigurationPlatforms) = preSolution
		Debug|Any CPU = Debug|Any CPU
		Release|Any CPU = Release|Any CPU
	EndGlobalSection
	GlobalSection(ProjectConfigurationPlatforms) = postSolution
		{B7EB63AA-7ECC-4480-B78B-F78147B6820E}.Debug|Any CPU.ActiveCfg = Debug|Any CPU
		{B7EB63AA-7ECC-4480-B78B-F78147B6820E}.Debug|Any CPU.Build.0 = Debug|Any CPU
		{B7EB63AA-7ECC-4480-B78B-F78147B6820E}.Release|Any CPU.ActiveCfg = Release|Any CPU
		{B7EB63AA-7ECC-4480-B78B-F78147B6820E}.Release|Any CPU.Build.0 = Release|Any CPU
	EndGlobalSection
	GlobalSection(SolutionProperties) = preSolution
		HideSolutionNode = FALSE
	EndGlobalSection
	GlobalSection(ExtensibilityGlobals) = postSolution
		SolutionGuid = {0E011EA8-1667-4BF7-AA73-80DD346A8981}
	EndGlobalSection
EndGlobal
